
Microsoft Visual Studio Solution File, Format Version 12.00
# Visual Studio 2013
VisualStudioVersion = 12.0.40418.0
MinimumVisualStudioVersion = 10.0.40219.1
Project("{FAE04EC0-301F-11D3-BF4B-00C04F79EFBC}") = "WngCalculator", "WngCalculator\WngCalculator.csproj", "{2A34E931-C229-4726-9C82-21C06BC5D058}"
EndProject
Project("{FAE04EC0-301F-11D3-BF4B-00C04F79EFBC}") = "WngCalculator.Tests", "WngCalculator.Tests\WngCalculator.Tests.csproj", "{6DAE2F69-EF27-4A8A-9742-E319784B71A1}"
EndProject
Project("{FAE04EC0-301F-11D3-BF4B-00C04F79EFBC}") = "WngCalculator.AutoTest", "WngCalculator.AutoTest\WngCalculator.AutoTest.csproj", "{02CB62EB-EBC6-4F65-A607-9F1E1E3843C1}"
EndProject
Global
	GlobalSection(SolutionConfigurationPlatforms) = preSolution
		Debug|Any CPU = Debug|Any CPU
		Release|Any CPU = Release|Any CPU
	EndGlobalSection
	GlobalSection(ProjectConfigurationPlatforms) = postSolution
		{2A34E931-C229-4726-9C82-21C06BC5D058}.Debug|Any CPU.ActiveCfg = Debug|Any CPU
		{2A34E931-C229-4726-9C82-21C06BC5D058}.Debug|Any CPU.Build.0 = Debug|Any CPU
		{2A34E931-C229-4726-9C82-21C06BC5D058}.Release|Any CPU.ActiveCfg = Release|Any CPU
		{2A34E931-C229-4726-9C82-21C06BC5D058}.Release|Any CPU.Build.0 = Release|Any CPU
		{6DAE2F69-EF27-4A8A-9742-E319784B71A1}.Debug|Any CPU.ActiveCfg = Debug|Any CPU
		{6DAE2F69-EF27-4A8A-9742-E319784B71A1}.Debug|Any CPU.Build.0 = Debug|Any CPU
		{6DAE2F69-EF27-4A8A-9742-E319784B71A1}.Release|Any CPU.ActiveCfg = Release|Any CPU
		{6DAE2F69-EF27-4A8A-9742-E319784B71A1}.Release|Any CPU.Build.0 = Release|Any CPU
		{02CB62EB-EBC6-4F65-A607-9F1E1E3843C1}.Debug|Any CPU.ActiveCfg = Debug|Any CPU
		{02CB62EB-EBC6-4F65-A607-9F1E1E3843C1}.Debug|Any CPU.Build.0 = Debug|Any CPU
		{02CB62EB-EBC6-4F65-A607-9F1E1E3843C1}.Release|Any CPU.ActiveCfg = Release|Any CPU
		{02CB62EB-EBC6-4F65-A607-9F1E1E3843C1}.Release|Any CPU.Build.0 = Release|Any CPU
	EndGlobalSection
	GlobalSection(SolutionProperties) = preSolution
		HideSolutionNode = FALSE
	EndGlobalSection
EndGlobal
